// !$*UTF8*$!
{
	archiveVersion = 1;
	classes = {
	};
	objectVersion = 56;
	objects = {

/* Begin PBXBuildFile section */
		9850137E2B7B0CCA00D4C9E1 /* EditGameDetailsViewController.swift in Sources */ = {isa = PBXBuildFile; fileRef = 9850137D2B7B0CCA00D4C9E1 /* EditGameDetailsViewController.swift */; };
		985013802B7B16FC00D4C9E1 /* FlagPickerViewController.swift in Sources */ = {isa = PBXBuildFile; fileRef = 9850137F2B7B16FC00D4C9E1 /* FlagPickerViewController.swift */; };
		98B407D32B525BAF00575FFC /* AppDelegate.swift in Sources */ = {isa = PBXBuildFile; fileRef = 98B407D22B525BAF00575FFC /* AppDelegate.swift */; };
		98B407D52B525BAF00575FFC /* SceneDelegate.swift in Sources */ = {isa = PBXBuildFile; fileRef = 98B407D42B525BAF00575FFC /* SceneDelegate.swift */; };
		98B407D72B525BAF00575FFC /* MatchSettingsViewController.swift in Sources */ = {isa = PBXBuildFile; fileRef = 98B407D62B525BAF00575FFC /* MatchSettingsViewController.swift */; };
		98B407DA2B525BAF00575FFC /* Main.storyboard in Resources */ = {isa = PBXBuildFile; fileRef = 98B407D82B525BAF00575FFC /* Main.storyboard */; };
		98B407DF2B525BB300575FFC /* Assets.xcassets in Resources */ = {isa = PBXBuildFile; fileRef = 98B407DE2B525BB300575FFC /* Assets.xcassets */; };
		98B407E22B525BB300575FFC /* LaunchScreen.storyboard in Resources */ = {isa = PBXBuildFile; fileRef = 98B407E02B525BB300575FFC /* LaunchScreen.storyboard */; };
		98B407EC2B52654900575FFC /* MatchItem.swift in Sources */ = {isa = PBXBuildFile; fileRef = 98B407EB2B52654900575FFC /* MatchItem.swift */; };
		98CAE5E42B92F76E00BDEC37 /* MainScreenViewController.swift in Sources */ = {isa = PBXBuildFile; fileRef = 98CAE5E32B92F76E00BDEC37 /* MainScreenViewController.swift */; };
		98CC024A2B536D4B0067D48A /* EditTextViewController.swift in Sources */ = {isa = PBXBuildFile; fileRef = 98CC02492B536D4B0067D48A /* EditTextViewController.swift */; };
		98CC024D2B537E690067D48A /* USABocciaTimer.xcdatamodeld in Sources */ = {isa = PBXBuildFile; fileRef = 98CC024B2B537E690067D48A /* USABocciaTimer.xcdatamodeld */; };
/* End PBXBuildFile section */

/* Begin PBXFileReference section */
		9850137D2B7B0CCA00D4C9E1 /* EditGameDetailsViewController.swift */ = {isa = PBXFileReference; lastKnownFileType = sourcecode.swift; path = EditGameDetailsViewController.swift; sourceTree = "<group>"; };
		9850137F2B7B16FC00D4C9E1 /* FlagPickerViewController.swift */ = {isa = PBXFileReference; lastKnownFileType = sourcecode.swift; path = FlagPickerViewController.swift; sourceTree = "<group>"; };
		98B407CF2B525BAF00575FFC /* USA Boccia Timer.app */ = {isa = PBXFileReference; explicitFileType = wrapper.application; includeInIndex = 0; path = "USA Boccia Timer.app"; sourceTree = BUILT_PRODUCTS_DIR; };
		98B407D22B525BAF00575FFC /* AppDelegate.swift */ = {isa = PBXFileReference; lastKnownFileType = sourcecode.swift; path = AppDelegate.swift; sourceTree = "<group>"; };
		98B407D42B525BAF00575FFC /* SceneDelegate.swift */ = {isa = PBXFileReference; lastKnownFileType = sourcecode.swift; path = SceneDelegate.swift; sourceTree = "<group>"; };
		98B407D62B525BAF00575FFC /* MatchSettingsViewController.swift */ = {isa = PBXFileReference; lastKnownFileType = sourcecode.swift; path = MatchSettingsViewController.swift; sourceTree = "<group>"; };
		98B407D92B525BAF00575FFC /* Base */ = {isa = PBXFileReference; lastKnownFileType = file.storyboard; name = Base; path = Base.lproj/Main.storyboard; sourceTree = "<group>"; };
		98B407DE2B525BB300575FFC /* Assets.xcassets */ = {isa = PBXFileReference; lastKnownFileType = folder.assetcatalog; path = Assets.xcassets; sourceTree = "<group>"; };
		98B407E12B525BB300575FFC /* Base */ = {isa = PBXFileReference; lastKnownFileType = file.storyboard; name = Base; path = Base.lproj/LaunchScreen.storyboard; sourceTree = "<group>"; };
		98B407E32B525BB300575FFC /* Info.plist */ = {isa = PBXFileReference; lastKnownFileType = text.plist.xml; path = Info.plist; sourceTree = "<group>"; };
		98B407EB2B52654900575FFC /* MatchItem.swift */ = {isa = PBXFileReference; lastKnownFileType = sourcecode.swift; path = MatchItem.swift; sourceTree = "<group>"; };
		98CAE5E32B92F76E00BDEC37 /* MainScreenViewController.swift */ = {isa = PBXFileReference; lastKnownFileType = sourcecode.swift; path = MainScreenViewController.swift; sourceTree = "<group>"; };
		98CC02492B536D4B0067D48A /* EditTextViewController.swift */ = {isa = PBXFileReference; lastKnownFileType = sourcecode.swift; path = EditTextViewController.swift; sourceTree = "<group>"; };
		98CC024C2B537E690067D48A /* USABocciaTimer.xcdatamodel */ = {isa = PBXFileReference; lastKnownFileType = wrapper.xcdatamodel; path = USABocciaTimer.xcdatamodel; sourceTree = "<group>"; };
/* End PBXFileReference section */

/* Begin PBXFrameworksBuildPhase section */
		98B407CC2B525BAF00575FFC /* Frameworks */ = {
			isa = PBXFrameworksBuildPhase;
			buildActionMask = 2147483647;
			files = (
			);
			runOnlyForDeploymentPostprocessing = 0;
		};
/* End PBXFrameworksBuildPhase section */

/* Begin PBXGroup section */
		98B407C62B525BAE00575FFC = {
			isa = PBXGroup;
			children = (
				98B407D12B525BAF00575FFC /* USA Boccia Timer */,
				98B407D02B525BAF00575FFC /* Products */,
			);
			sourceTree = "<group>";
		};
		98B407D02B525BAF00575FFC /* Products */ = {
			isa = PBXGroup;
			children = (
				98B407CF2B525BAF00575FFC /* USA Boccia Timer.app */,
			);
			name = Products;
			sourceTree = "<group>";
		};
		98B407D12B525BAF00575FFC /* USA Boccia Timer */ = {
			isa = PBXGroup;
			children = (
				98B407D22B525BAF00575FFC /* AppDelegate.swift */,
				98B407DE2B525BB300575FFC /* Assets.xcassets */,
				9850137D2B7B0CCA00D4C9E1 /* EditGameDetailsViewController.swift */,
				98CC02492B536D4B0067D48A /* EditTextViewController.swift */,
				9850137F2B7B16FC00D4C9E1 /* FlagPickerViewController.swift */,
				98B407E32B525BB300575FFC /* Info.plist */,
				98B407E02B525BB300575FFC /* LaunchScreen.storyboard */,
				98B407D82B525BAF00575FFC /* Main.storyboard */,
				98CAE5E32B92F76E00BDEC37 /* MainScreenViewController.swift */,
				98B407EB2B52654900575FFC /* MatchItem.swift */,
				98B407D62B525BAF00575FFC /* MatchSettingsViewController.swift */,
				98B407D42B525BAF00575FFC /* SceneDelegate.swift */,
				98CC024B2B537E690067D48A /* USABocciaTimer.xcdatamodeld */,
			);
			path = "USA Boccia Timer";
			sourceTree = "<group>";
		};
/* End PBXGroup section */

/* Begin PBXNativeTarget section */
		98B407CE2B525BAF00575FFC /* USA Boccia Timer */ = {
			isa = PBXNativeTarget;
			buildConfigurationList = 98B407E62B525BB300575FFC /* Build configuration list for PBXNativeTarget "USA Boccia Timer" */;
			buildPhases = (
				98B407CB2B525BAF00575FFC /* Sources */,
				98B407CC2B525BAF00575FFC /* Frameworks */,
				98B407CD2B525BAF00575FFC /* Resources */,
			);
			buildRules = (
			);
			dependencies = (
			);
			name = "USA Boccia Timer";
			productName = "USA Boccia Timer";
			productReference = 98B407CF2B525BAF00575FFC /* USA Boccia Timer.app */;
			productType = "com.apple.product-type.application";
		};
/* End PBXNativeTarget section */

/* Begin PBXProject section */
		98B407C72B525BAE00575FFC /* Project object */ = {
			isa = PBXProject;
			attributes = {
				BuildIndependentTargetsInParallel = 1;
				LastSwiftUpdateCheck = 1520;
				LastUpgradeCheck = 1520;
				TargetAttributes = {
					98B407CE2B525BAF00575FFC = {
						CreatedOnToolsVersion = 15.2;
					};
				};
			};
			buildConfigurationList = 98B407CA2B525BAF00575FFC /* Build configuration list for PBXProject "USA Boccia Timer" */;
			compatibilityVersion = "Xcode 14.0";
			developmentRegion = en;
			hasScannedForEncodings = 0;
			knownRegions = (
				en,
				Base,
			);
			mainGroup = 98B407C62B525BAE00575FFC;
			productRefGroup = 98B407D02B525BAF00575FFC /* Products */;
			projectDirPath = "";
			projectRoot = "";
			targets = (
				98B407CE2B525BAF00575FFC /* USA Boccia Timer */,
			);
		};
/* End PBXProject section */

/* Begin PBXResourcesBuildPhase section */
		98B407CD2B525BAF00575FFC /* Resources */ = {
			isa = PBXResourcesBuildPhase;
			buildActionMask = 2147483647;
			files = (
				98B407E22B525BB300575FFC /* LaunchScreen.storyboard in Resources */,
				98B407DF2B525BB300575FFC /* Assets.xcassets in Resources */,
				98B407DA2B525BAF00575FFC /* Main.storyboard in Resources */,
			);
			runOnlyForDeploymentPostprocessing = 0;
		};
/* End PBXResourcesBuildPhase section */

/* Begin PBXSourcesBuildPhase section */
		98B407CB2B525BAF00575FFC /* Sources */ = {
			isa = PBXSourcesBuildPhase;
			buildActionMask = 2147483647;
			files = (
				985013802B7B16FC00D4C9E1 /* FlagPickerViewController.swift in Sources */,
				98CC024A2B536D4B0067D48A /* EditTextViewController.swift in Sources */,
				98B407D72B525BAF00575FFC /* MatchSettingsViewController.swift in Sources */,
				98B407D32B525BAF00575FFC /* AppDelegate.swift in Sources */,
				9850137E2B7B0CCA00D4C9E1 /* EditGameDetailsViewController.swift in Sources */,
				98CC024D2B537E690067D48A /* USABocciaTimer.xcdatamodeld in Sources */,
				98B407EC2B52654900575FFC /* MatchItem.swift in Sources */,
				98B407D52B525BAF00575FFC /* SceneDelegate.swift in Sources */,
				98CAE5E42B92F76E00BDEC37 /* MainScreenViewController.swift in Sources */,
			);
			runOnlyForDeploymentPostprocessing = 0;
		};
/* End PBXSourcesBuildPhase section */

/* Begin PBXVariantGroup section */
		98B407D82B525BAF00575FFC /* Main.storyboard */ = {
			isa = PBXVariantGroup;
			children = (
				98B407D92B525BAF00575FFC /* Base */,
			);
			name = Main.storyboard;
			sourceTree = "<group>";
		};
		98B407E02B525BB300575FFC /* LaunchScreen.storyboard */ = {
			isa = PBXVariantGroup;
			children = (
				98B407E12B525BB300575FFC /* Base */,
			);
			name = LaunchScreen.storyboard;
			sourceTree = "<group>";
		};
/* End PBXVariantGroup section */

/* Begin XCBuildConfiguration section */
		98B407E42B525BB300575FFC /* Debug */ = {
			isa = XCBuildConfiguration;
			buildSettings = {
				ALWAYS_SEARCH_USER_PATHS = NO;
				ASSETCATALOG_COMPILER_GENERATE_SWIFT_ASSET_SYMBOL_EXTENSIONS = YES;
				CLANG_ANALYZER_NONNULL = YES;
				CLANG_ANALYZER_NUMBER_OBJECT_CONVERSION = YES_AGGRESSIVE;
				CLANG_CXX_LANGUAGE_STANDARD = "gnu++20";
				CLANG_ENABLE_MODULES = YES;
				CLANG_ENABLE_OBJC_ARC = YES;
				CLANG_ENABLE_OBJC_WEAK = YES;
				CLANG_WARN_BLOCK_CAPTURE_AUTORELEASING = YES;
				CLANG_WARN_BOOL_CONVERSION = YES;
				CLANG_WARN_COMMA = YES;
				CLANG_WARN_CONSTANT_CONVERSION = YES;
				CLANG_WARN_DEPRECATED_OBJC_IMPLEMENTATIONS = YES;
				CLANG_WARN_DIRECT_OBJC_ISA_USAGE = YES_ERROR;
				CLANG_WARN_DOCUMENTATION_COMMENTS = YES;
				CLANG_WARN_EMPTY_BODY = YES;
				CLANG_WARN_ENUM_CONVERSION = YES;
				CLANG_WARN_INFINITE_RECURSION = YES;
				CLANG_WARN_INT_CONVERSION = YES;
				CLANG_WARN_NON_LITERAL_NULL_CONVERSION = YES;
				CLANG_WARN_OBJC_IMPLICIT_RETAIN_SELF = YES;
				CLANG_WARN_OBJC_LITERAL_CONVERSION = YES;
				CLANG_WARN_OBJC_ROOT_CLASS = YES_ERROR;
				CLANG_WARN_QUOTED_INCLUDE_IN_FRAMEWORK_HEADER = YES;
				CLANG_WARN_RANGE_LOOP_ANALYSIS = YES;
				CLANG_WARN_STRICT_PROTOTYPES = YES;
				CLANG_WARN_SUSPICIOUS_MOVE = YES;
				CLANG_WARN_UNGUARDED_AVAILABILITY = YES_AGGRESSIVE;
				CLANG_WARN_UNREACHABLE_CODE = YES;
				CLANG_WARN__DUPLICATE_METHOD_MATCH = YES;
				COPY_PHASE_STRIP = NO;
				DEBUG_INFORMATION_FORMAT = dwarf;
				ENABLE_STRICT_OBJC_MSGSEND = YES;
				ENABLE_TESTABILITY = YES;
				ENABLE_USER_SCRIPT_SANDBOXING = YES;
				GCC_C_LANGUAGE_STANDARD = gnu17;
				GCC_DYNAMIC_NO_PIC = NO;
				GCC_NO_COMMON_BLOCKS = YES;
				GCC_OPTIMIZATION_LEVEL = 0;
				GCC_PREPROCESSOR_DEFINITIONS = (
					"DEBUG=1",
					"$(inherited)",
				);
				GCC_WARN_64_TO_32_BIT_CONVERSION = YES;
				GCC_WARN_ABOUT_RETURN_TYPE = YES_ERROR;
				GCC_WARN_UNDECLARED_SELECTOR = YES;
				GCC_WARN_UNINITIALIZED_AUTOS = YES_AGGRESSIVE;
				GCC_WARN_UNUSED_FUNCTION = YES;
				GCC_WARN_UNUSED_VARIABLE = YES;
				IPHONEOS_DEPLOYMENT_TARGET = 17.2;
				LOCALIZATION_PREFERS_STRING_CATALOGS = YES;
				MTL_ENABLE_DEBUG_INFO = INCLUDE_SOURCE;
				MTL_FAST_MATH = YES;
				ONLY_ACTIVE_ARCH = YES;
				SDKROOT = iphoneos;
				SWIFT_ACTIVE_COMPILATION_CONDITIONS = "DEBUG $(inherited)";
				SWIFT_OPTIMIZATION_LEVEL = "-Onone";
			};
			name = Debug;
		};
		98B407E52B525BB300575FFC /* Release */ = {
			isa = XCBuildConfiguration;
			buildSettings = {
				ALWAYS_SEARCH_USER_PATHS = NO;
				ASSETCATALOG_COMPILER_GENERATE_SWIFT_ASSET_SYMBOL_EXTENSIONS = YES;
				CLANG_ANALYZER_NONNULL = YES;
				CLANG_ANALYZER_NUMBER_OBJECT_CONVERSION = YES_AGGRESSIVE;
				CLANG_CXX_LANGUAGE_STANDARD = "gnu++20";
				CLANG_ENABLE_MODULES = YES;
				CLANG_ENABLE_OBJC_ARC = YES;
				CLANG_ENABLE_OBJC_WEAK = YES;
				CLANG_WARN_BLOCK_CAPTURE_AUTORELEASING = YES;
				CLANG_WARN_BOOL_CONVERSION = YES;
				CLANG_WARN_COMMA = YES;
				CLANG_WARN_CONSTANT_CONVERSION = YES;
				CLANG_WARN_DEPRECATED_OBJC_IMPLEMENTATIONS = YES;
				CLANG_WARN_DIRECT_OBJC_ISA_USAGE = YES_ERROR;
				CLANG_WARN_DOCUMENTATION_COMMENTS = YES;
				CLANG_WARN_EMPTY_BODY = YES;
				CLANG_WARN_ENUM_CONVERSION = YES;
				CLANG_WARN_INFINITE_RECURSION = YES;
				CLANG_WARN_INT_CONVERSION = YES;
				CLANG_WARN_NON_LITERAL_NULL_CONVERSION = YES;
				CLANG_WARN_OBJC_IMPLICIT_RETAIN_SELF = YES;
				CLANG_WARN_OBJC_LITERAL_CONVERSION = YES;
				CLANG_WARN_OBJC_ROOT_CLASS = YES_ERROR;
				CLANG_WARN_QUOTED_INCLUDE_IN_FRAMEWORK_HEADER = YES;
				CLANG_WARN_RANGE_LOOP_ANALYSIS = YES;
				CLANG_WARN_STRICT_PROTOTYPES = YES;
				CLANG_WARN_SUSPICIOUS_MOVE = YES;
				CLANG_WARN_UNGUARDED_AVAILABILITY = YES_AGGRESSIVE;
				CLANG_WARN_UNREACHABLE_CODE = YES;
				CLANG_WARN__DUPLICATE_METHOD_MATCH = YES;
				COPY_PHASE_STRIP = NO;
				DEBUG_INFORMATION_FORMAT = "dwarf-with-dsym";
				ENABLE_NS_ASSERTIONS = NO;
				ENABLE_STRICT_OBJC_MSGSEND = YES;
				ENABLE_USER_SCRIPT_SANDBOXING = YES;
				GCC_C_LANGUAGE_STANDARD = gnu17;
				GCC_NO_COMMON_BLOCKS = YES;
				GCC_WARN_64_TO_32_BIT_CONVERSION = YES;
				GCC_WARN_ABOUT_RETURN_TYPE = YES_ERROR;
				GCC_WARN_UNDECLARED_SELECTOR = YES;
				GCC_WARN_UNINITIALIZED_AUTOS = YES_AGGRESSIVE;
				GCC_WARN_UNUSED_FUNCTION = YES;
				GCC_WARN_UNUSED_VARIABLE = YES;
				IPHONEOS_DEPLOYMENT_TARGET = 17.2;
				LOCALIZATION_PREFERS_STRING_CATALOGS = YES;
				MTL_ENABLE_DEBUG_INFO = NO;
				MTL_FAST_MATH = YES;
				SDKROOT = iphoneos;
				SWIFT_COMPILATION_MODE = wholemodule;
				VALIDATE_PRODUCT = YES;
			};
			name = Release;
		};
		98B407E72B525BB300575FFC /* Debug */ = {
			isa = XCBuildConfiguration;
			buildSettings = {
				ASSETCATALOG_COMPILER_APPICON_NAME = AppIcon;
				ASSETCATALOG_COMPILER_GLOBAL_ACCENT_COLOR_NAME = AccentColor;
				CODE_SIGN_STYLE = Automatic;
				CURRENT_PROJECT_VERSION = 1;
				DEVELOPMENT_TEAM = 8U5J6FQNN2;
				GENERATE_INFOPLIST_FILE = YES;
				INFOPLIST_FILE = "USA Boccia Timer/Info.plist";
				INFOPLIST_KEY_UIApplicationSupportsIndirectInputEvents = YES;
				INFOPLIST_KEY_UILaunchStoryboardName = LaunchScreen;
				INFOPLIST_KEY_UIMainStoryboardFile = Main;
				INFOPLIST_KEY_UISupportedInterfaceOrientations = "UIInterfaceOrientationPortrait UIInterfaceOrientationPortraitUpsideDown";
				IPHONEOS_DEPLOYMENT_TARGET = 15.2;
				LD_RUNPATH_SEARCH_PATHS = (
					"$(inherited)",
					"@executable_path/Frameworks",
				);
				MARKETING_VERSION = 1.0;
				PRODUCT_BUNDLE_IDENTIFIER = "com.NickFoxBorer.USA-Boccia-Timer";
				PRODUCT_NAME = "$(TARGET_NAME)";
				SUPPORTED_PLATFORMS = "iphoneos iphonesimulator";
				SUPPORTS_MACCATALYST = NO;
				SUPPORTS_MAC_DESIGNED_FOR_IPHONE_IPAD = NO;
				SUPPORTS_XR_DESIGNED_FOR_IPHONE_IPAD = NO;
				SWIFT_EMIT_LOC_STRINGS = YES;
				SWIFT_VERSION = 5.0;
				TARGETED_DEVICE_FAMILY = 2;
			};
			name = Debug;
		};
		98B407E82B525BB300575FFC /* Release */ = {
			isa = XCBuildConfiguration;
			buildSettings = {
				ASSETCATALOG_COMPILER_APPICON_NAME = AppIcon;
				ASSETCATALOG_COMPILER_GLOBAL_ACCENT_COLOR_NAME = AccentColor;
				CODE_SIGN_STYLE = Automatic;
				CURRENT_PROJECT_VERSION = 1;
				DEVELOPMENT_TEAM = 8U5J6FQNN2;
				GENERATE_INFOPLIST_FILE = YES;
				INFOPLIST_FILE = "USA Boccia Timer/Info.plist";
				INFOPLIST_KEY_UIApplicationSupportsIndirectInputEvents = YES;
				INFOPLIST_KEY_UILaunchStoryboardName = LaunchScreen;
				INFOPLIST_KEY_UIMainStoryboardFile = Main;
				INFOPLIST_KEY_UISupportedInterfaceOrientations = "UIInterfaceOrientationPortrait UIInterfaceOrientationPortraitUpsideDown";
				IPHONEOS_DEPLOYMENT_TARGET = 15.2;
				LD_RUNPATH_SEARCH_PATHS = (
					"$(inherited)",
					"@executable_path/Frameworks",
				);
				MARKETING_VERSION = 1.0;
				PRODUCT_BUNDLE_IDENTIFIER = "com.NickFoxBorer.USA-Boccia-Timer";
				PRODUCT_NAME = "$(TARGET_NAME)";
				SUPPORTED_PLATFORMS = "iphoneos iphonesimulator";
				SUPPORTS_MACCATALYST = NO;
				SUPPORTS_MAC_DESIGNED_FOR_IPHONE_IPAD = NO;
				SUPPORTS_XR_DESIGNED_FOR_IPHONE_IPAD = NO;
				SWIFT_EMIT_LOC_STRINGS = YES;
				SWIFT_VERSION = 5.0;
				TARGETED_DEVICE_FAMILY = 2;
			};
			name = Release;
		};
/* End XCBuildConfiguration section */

/* Begin XCConfigurationList section */
		98B407CA2B525BAF00575FFC /* Build configuration list for PBXProject "USA Boccia Timer" */ = {
			isa = XCConfigurationList;
			buildConfigurations = (
				98B407E42B525BB300575FFC /* Debug */,
				98B407E52B525BB300575FFC /* Release */,
			);
			defaultConfigurationIsVisible = 0;
			defaultConfigurationName = Release;
		};
		98B407E62B525BB300575FFC /* Build configuration list for PBXNativeTarget "USA Boccia Timer" */ = {
			isa = XCConfigurationList;
			buildConfigurations = (
				98B407E72B525BB300575FFC /* Debug */,
				98B407E82B525BB300575FFC /* Release */,
			);
			defaultConfigurationIsVisible = 0;
			defaultConfigurationName = Release;
		};
/* End XCConfigurationList section */

/* Begin XCVersionGroup section */
		98CC024B2B537E690067D48A /* USABocciaTimer.xcdatamodeld */ = {
			isa = XCVersionGroup;
			children = (
				98CC024C2B537E690067D48A /* USABocciaTimer.xcdatamodel */,
			);
			currentVersion = 98CC024C2B537E690067D48A /* USABocciaTimer.xcdatamodel */;
			path = USABocciaTimer.xcdatamodeld;
			sourceTree = "<group>";
			versionGroupType = wrapper.xcdatamodel;
		};
/* End XCVersionGroup section */
	};
	rootObject = 98B407C72B525BAE00575FFC /* Project object */;
}
